
Microsoft Visual Studio Solution File, Format Version 12.00
# Visual Studio Version 16
VisualStudioVersion = 25.0.1706.9
MinimumVisualStudioVersion = 10.0.40219.1
Project("{FAE04EC0-301F-11D3-BF4B-00C04F79EFBC}") = "DatingApp", "DatingApp.csproj", "{DEE3896D-0FBE-4561-8886-F759895D86F3}"
EndProject
Global
	GlobalSection(SolutionConfigurationPlatforms) = preSolution
		Debug|Any CPU = Debug|Any CPU
		Release|Any CPU = Release|Any CPU
	EndGlobalSection
	GlobalSection(ProjectConfigurationPlatforms) = postSolution
		{DEE3896D-0FBE-4561-8886-F759895D86F3}.Debug|Any CPU.ActiveCfg = Debug|Any CPU
		{DEE3896D-0FBE-4561-8886-F759895D86F3}.Debug|Any CPU.Build.0 = Debug|Any CPU
		{DEE3896D-0FBE-4561-8886-F759895D86F3}.Release|Any CPU.ActiveCfg = Release|Any CPU
		{DEE3896D-0FBE-4561-8886-F759895D86F3}.Release|Any CPU.Build.0 = Release|Any CPU
	EndGlobalSection
	GlobalSection(SolutionProperties) = preSolution
		HideSolutionNode = FALSE
	EndGlobalSection
	GlobalSection(ExtensibilityGlobals) = postSolution
		SolutionGuid = {8D3CE7E5-FFD8-44ED-A25D-E31AC846B1A7}
	EndGlobalSection
EndGlobal
